
Microsoft Visual Studio Solution File, Format Version 12.00
# Visual Studio Version 17
VisualStudioVersion = 17.9.34723.18
MinimumVisualStudioVersion = 10.0.40219.1
Project("{9A19103F-16F7-4668-BE54-9A1E7A4F7556}") = "HRMS", "HRMS\HRMS.csproj", "{1BF8F154-F7E1-4227-8A28-4A17580E826E}"
EndProject
Global
	GlobalSection(SolutionConfigurationPlatforms) = preSolution
		Debug|Any CPU = Debug|Any CPU
		Release|Any CPU = Release|Any CPU
	EndGlobalSection
	GlobalSection(ProjectConfigurationPlatforms) = postSolution
		{1BF8F154-F7E1-4227-8A28-4A17580E826E}.Debug|Any CPU.ActiveCfg = Debug|Any CPU
		{1BF8F154-F7E1-4227-8A28-4A17580E826E}.Debug|Any CPU.Build.0 = Debug|Any CPU
		{1BF8F154-F7E1-4227-8A28-4A17580E826E}.Release|Any CPU.ActiveCfg = Release|Any CPU
		{1BF8F154-F7E1-4227-8A28-4A17580E826E}.Release|Any CPU.Build.0 = Release|Any CPU
	EndGlobalSection
	GlobalSection(SolutionProperties) = preSolution
		HideSolutionNode = FALSE
	EndGlobalSection
	GlobalSection(ExtensibilityGlobals) = postSolution
		SolutionGuid = {027E3C37-F4F5-4EE6-AC78-091DD079E9B2}
	EndGlobalSection
EndGlobal
